
Microsoft Visual Studio Solution File, Format Version 12.00
# Visual Studio Version 17
VisualStudioVersion = 17.0.32126.317
MinimumVisualStudioVersion = 10.0.40219.1
Project("{FAE04EC0-301F-11D3-BF4B-00C04F79EFBC}") = "DiplomDokumentooborot", "DiplomDokumentooborot\DiplomDokumentooborot.csproj", "{A5041F80-67CF-47B7-A73D-40306EB2317D}"
EndProject
Global
	GlobalSection(SolutionConfigurationPlatforms) = preSolution
		Debug|Any CPU = Debug|Any CPU
		Release|Any CPU = Release|Any CPU
	EndGlobalSection
	GlobalSection(ProjectConfigurationPlatforms) = postSolution
		{A5041F80-67CF-47B7-A73D-40306EB2317D}.Debug|Any CPU.ActiveCfg = Debug|Any CPU
		{A5041F80-67CF-47B7-A73D-40306EB2317D}.Debug|Any CPU.Build.0 = Debug|Any CPU
		{A5041F80-67CF-47B7-A73D-40306EB2317D}.Release|Any CPU.ActiveCfg = Release|Any CPU
		{A5041F80-67CF-47B7-A73D-40306EB2317D}.Release|Any CPU.Build.0 = Release|Any CPU
	EndGlobalSection
	GlobalSection(SolutionProperties) = preSolution
		HideSolutionNode = FALSE
	EndGlobalSection
	GlobalSection(ExtensibilityGlobals) = postSolution
		SolutionGuid = {3FCA6843-04EE-4D56-8A7D-FD5CF8B5E694}
	EndGlobalSection
EndGlobal
